
Microsoft Visual Studio Solution File, Format Version 12.00
# Visual Studio Version 16
VisualStudioVersion = 16.0.31702.278
MinimumVisualStudioVersion = 10.0.40219.1
Project("{9A19103F-16F7-4668-BE54-9A1E7A4F7556}") = "FP-PEMROGLANJUT", "FP-PEMROGLANJUT\FP-PEMROGLANJUT.csproj", "{7DE416EC-6953-40B7-BBC5-39F1BCC79416}"
EndProject
Global
	GlobalSection(SolutionConfigurationPlatforms) = preSolution
		Debug|Any CPU = Debug|Any CPU
		Release|Any CPU = Release|Any CPU
	EndGlobalSection
	GlobalSection(ProjectConfigurationPlatforms) = postSolution
		{7DE416EC-6953-40B7-BBC5-39F1BCC79416}.Debug|Any CPU.ActiveCfg = Debug|Any CPU
		{7DE416EC-6953-40B7-BBC5-39F1BCC79416}.Debug|Any CPU.Build.0 = Debug|Any CPU
		{7DE416EC-6953-40B7-BBC5-39F1BCC79416}.Release|Any CPU.ActiveCfg = Release|Any CPU
		{7DE416EC-6953-40B7-BBC5-39F1BCC79416}.Release|Any CPU.Build.0 = Release|Any CPU
	EndGlobalSection
	GlobalSection(SolutionProperties) = preSolution
		HideSolutionNode = FALSE
	EndGlobalSection
	GlobalSection(ExtensibilityGlobals) = postSolution
		SolutionGuid = {3599FF32-1634-44B1-822F-5A89EAF83CE0}
	EndGlobalSection
EndGlobal
